# THIS IS AN AUTOGENERATED FILE. DO NOT EDIT THIS FILE DIRECTLY.
# yarn lockfile v1


svelte@^3.41.0:
  version "3.41.0"
  resolved "https://registry.yarnpkg.com/svelte/-/svelte-3.41.0.tgz#2009fd6681453ffb8b5aaa57f4a89a8be3dedd78"
  integrity sha512-X9/lnTcRBCrMdyFBVjfmqy1T2vyN8ejUE1OfbWSccc2Z42Amn3ab3XdBgVl+oDkZvzPfPMoxo6CEbWca7pXOew==
